
Microsoft Visual Studio Solution File, Format Version 12.00
# Visual Studio Version 17
VisualStudioVersion = 17.4.33213.308
MinimumVisualStudioVersion = 10.0.40219.1
Project("{9A19103F-16F7-4668-BE54-9A1E7A4F7556}") = "EFMigrationWithDifferentEnviroment", "EFMigrationWithDifferentEnviroment.csproj", "{564F15B3-9413-4D33-AF01-5477A74CA12F}"
EndProject
Global
	GlobalSection(SolutionConfigurationPlatforms) = preSolution
		Debug|Any CPU = Debug|Any CPU
		Release|Any CPU = Release|Any CPU
	EndGlobalSection
	GlobalSection(ProjectConfigurationPlatforms) = postSolution
		{564F15B3-9413-4D33-AF01-5477A74CA12F}.Debug|Any CPU.ActiveCfg = Debug|Any CPU
		{564F15B3-9413-4D33-AF01-5477A74CA12F}.Debug|Any CPU.Build.0 = Debug|Any CPU
		{564F15B3-9413-4D33-AF01-5477A74CA12F}.Release|Any CPU.ActiveCfg = Release|Any CPU
		{564F15B3-9413-4D33-AF01-5477A74CA12F}.Release|Any CPU.Build.0 = Release|Any CPU
	EndGlobalSection
	GlobalSection(SolutionProperties) = preSolution
		HideSolutionNode = FALSE
	EndGlobalSection
	GlobalSection(ExtensibilityGlobals) = postSolution
		SolutionGuid = {A66B0D9C-6E28-4879-9AAA-D2E2E9DE1103}
	EndGlobalSection
EndGlobal
